
Microsoft Visual Studio Solution File, Format Version 12.00
# Visual Studio Version 17
VisualStudioVersion = 17.5.2.0
MinimumVisualStudioVersion = 10.0.40219.1
Project("{2150E333-8FDC-42A3-9474-1A3956D46DE8}") = "src", "src", "{827E0CD3-B72D-47B6-A68D-7590B98EB39B}"
EndProject
Project("{FAE04EC0-301F-11D3-BF4B-00C04F79EFBC}") = "VirtualCPU", "src\VirtualCPU\VirtualCPU.csproj", "{B444125E-2F57-4F06-B7F7-F9BCE7379524}"
EndProject
Project("{2150E333-8FDC-42A3-9474-1A3956D46DE8}") = "tests", "tests", "{0AB3BF05-4346-4AA6-1389-037BE0695223}"
EndProject
Project("{FAE04EC0-301F-11D3-BF4B-00C04F79EFBC}") = "VirtualCPU.Tests", "tests\VirtualCPU.Tests\VirtualCPU.Tests.csproj", "{2B2E350B-9478-40DC-AFDF-25564D45BBB2}"
EndProject
Global
	GlobalSection(SolutionConfigurationPlatforms) = preSolution
		Debug|Any CPU = Debug|Any CPU
		Debug|x64 = Debug|x64
		Debug|x86 = Debug|x86
		Release|Any CPU = Release|Any CPU
		Release|x64 = Release|x64
		Release|x86 = Release|x86
	EndGlobalSection
	GlobalSection(ProjectConfigurationPlatforms) = postSolution
		{B444125E-2F57-4F06-B7F7-F9BCE7379524}.Debug|Any CPU.ActiveCfg = Debug|Any CPU
		{B444125E-2F57-4F06-B7F7-F9BCE7379524}.Debug|Any CPU.Build.0 = Debug|Any CPU
		{B444125E-2F57-4F06-B7F7-F9BCE7379524}.Debug|x64.ActiveCfg = Debug|Any CPU
		{B444125E-2F57-4F06-B7F7-F9BCE7379524}.Debug|x64.Build.0 = Debug|Any CPU
		{B444125E-2F57-4F06-B7F7-F9BCE7379524}.Debug|x86.ActiveCfg = Debug|Any CPU
		{B444125E-2F57-4F06-B7F7-F9BCE7379524}.Debug|x86.Build.0 = Debug|Any CPU
		{B444125E-2F57-4F06-B7F7-F9BCE7379524}.Release|Any CPU.ActiveCfg = Release|Any CPU
		{B444125E-2F57-4F06-B7F7-F9BCE7379524}.Release|Any CPU.Build.0 = Release|Any CPU
		{B444125E-2F57-4F06-B7F7-F9BCE7379524}.Release|x64.ActiveCfg = Release|Any CPU
		{B444125E-2F57-4F06-B7F7-F9BCE7379524}.Release|x64.Build.0 = Release|Any CPU
		{B444125E-2F57-4F06-B7F7-F9BCE7379524}.Release|x86.ActiveCfg = Release|Any CPU
		{B444125E-2F57-4F06-B7F7-F9BCE7379524}.Release|x86.Build.0 = Release|Any CPU
		{2B2E350B-9478-40DC-AFDF-25564D45BBB2}.Debug|Any CPU.ActiveCfg = Debug|Any CPU
		{2B2E350B-9478-40DC-AFDF-25564D45BBB2}.Debug|Any CPU.Build.0 = Debug|Any CPU
		{2B2E350B-9478-40DC-AFDF-25564D45BBB2}.Debug|x64.ActiveCfg = Debug|Any CPU
		{2B2E350B-9478-40DC-AFDF-25564D45BBB2}.Debug|x64.Build.0 = Debug|Any CPU
		{2B2E350B-9478-40DC-AFDF-25564D45BBB2}.Debug|x86.ActiveCfg = Debug|Any CPU
		{2B2E350B-9478-40DC-AFDF-25564D45BBB2}.Debug|x86.Build.0 = Debug|Any CPU
		{2B2E350B-9478-40DC-AFDF-25564D45BBB2}.Release|Any CPU.ActiveCfg = Release|Any CPU
		{2B2E350B-9478-40DC-AFDF-25564D45BBB2}.Release|Any CPU.Build.0 = Release|Any CPU
		{2B2E350B-9478-40DC-AFDF-25564D45BBB2}.Release|x64.ActiveCfg = Release|Any CPU
		{2B2E350B-9478-40DC-AFDF-25564D45BBB2}.Release|x64.Build.0 = Release|Any CPU
		{2B2E350B-9478-40DC-AFDF-25564D45BBB2}.Release|x86.ActiveCfg = Release|Any CPU
		{2B2E350B-9478-40DC-AFDF-25564D45BBB2}.Release|x86.Build.0 = Release|Any CPU
	EndGlobalSection
	GlobalSection(SolutionProperties) = preSolution
		HideSolutionNode = FALSE
	EndGlobalSection
	GlobalSection(NestedProjects) = preSolution
		{B444125E-2F57-4F06-B7F7-F9BCE7379524} = {827E0CD3-B72D-47B6-A68D-7590B98EB39B}
		{2B2E350B-9478-40DC-AFDF-25564D45BBB2} = {0AB3BF05-4346-4AA6-1389-037BE0695223}
	EndGlobalSection
	GlobalSection(ExtensibilityGlobals) = postSolution
		SolutionGuid = {D8547CCC-CB9B-4B34-8051-545F62DF8F23}
	EndGlobalSection
EndGlobal
